#MicroXplorer Configuration settings - do not modify
RCC.USART1Freq_Value=108000000
RCC.TIM17Freq_Value=72000000
Dma.DFSDM1_FLT0.3.SyncEnable=DISABLE
Dma.DFSDM1_FLT0.3.MemInc=DMA_MINC_ENABLE
VP_ARM.CMSIS_VS_CMSISJjCORE_5.4.0_5.7.0.Signal=ARM.CMSIS_VS_CMSISJjCORE_5.4.0_5.7.0
NVIC.DMA1_Stream2_IRQn=true\:0\:0\:false\:false\:true\:false\:true
RCC.PLLCLKFreq_Value=216000000
PB14.GPIO_Label=LD3 [Red]
RCC.PLLQCLKFreq_Value=48000000
RCC.PLLFRACN=0
Dma.USART3_TX.1.PeriphDataAlignment=DMA_PDATAALIGN_BYTE
PD8.Locked=true
USART3.TXFIFOThreshold=TXFIFO_THRESHOLD_EMPTY
DAC1.IPParameters=DAC_Channel-DAC_OUT1,DAC_Trigger-DAC_OUT1
RCC.RTCFreq_Value=32000
VP_DFSDM1_VS_IN2.Mode=Parallel_Input_ch2
Dma.DFSDM1_FLT2.5.Polarity=HAL_DMAMUX_REQ_GEN_RISING
PA6.GPIO_Label=FLAG2
RCC.CpuClockFreq_Value=400000000
Dma.USART3_TX.1.Instance=DMA1_Stream2
Dma.USART3_TX.1.RequestNumber=1
Dma.DFSDM1_FLT2.5.SyncRequestNumber=1
PinOutPanel.RotationAngle=0
RCC.MCO1PinFreq_Value=64000000
RCC.SYSCLKSource=RCC_SYSCLKSOURCE_PLLCLK
RCC.AHB4Freq_Value=200000000
SH.GPXTI13.0=GPIO_EXTI13
Dma.DFSDM1_FLT1.4.EventEnable=DISABLE
USART3.VirtualMode-Asynchronous=VM_ASYNC
RCC.LPTIM1Freq_Value=26977783.203125
VP_ARM.CMSIS_VS_CMSISJjDSP_1.8.0_5.7.0.Mode=CMSISJjDSP
Dma.DFSDM1_FLT2.5.SyncPolarity=HAL_DMAMUX_SYNC_NO_EVENT
Dma.DFSDM1_FLT1.4.RequestParameters=Instance,Direction,PeriphInc,MemInc,PeriphDataAlignment,MemDataAlignment,Mode,Priority,FIFOMode,SignalID,Polarity,RequestNumber,SyncSignalID,SyncPolarity,SyncEnable,EventEnable,SyncRequestNumber
NVIC.SVCall_IRQn=true\:0\:0\:false\:false\:true\:true\:false
PA14\ (JTCK/SWCLK).Signal=DEBUG_JTCK-SWCLK
Dma.DFSDM1_FLT1.4.FIFOMode=DMA_FIFOMODE_DISABLE
USART3.BaudRate=115200
Dma.DFSDM1_FLT0.3.SyncPolarity=HAL_DMAMUX_SYNC_NO_EVENT
RCC.I2C4Freq_Value=100000000
Dma.DFSDM1_FLT3.6.SyncPolarity=HAL_DMAMUX_SYNC_NO_EVENT
Dma.DFSDM1_FLT0.3.Direction=DMA_PERIPH_TO_MEMORY
RCC.APB2TimFreq_Value=216000000
Dma.DFSDM1_FLT0.3.EventEnable=DISABLE
RCC.DIVQ3Freq_Value=64000000
RCC.SAI2Freq_Value=96000000
PD8.Signal=USART3_TX
RCC.USART3Freq_Value=54000000
ProjectManager.ProjectBuild=false
DFSDM1.Iosr_FIL1=1
NVIC.UsageFault_IRQn=true\:0\:0\:false\:false\:true\:true\:false
Dma.DFSDM1_FLT1.4.SyncPolarity=HAL_DMAMUX_SYNC_NO_EVENT
PA0.Locked=true
Dma.DFSDM1_FLT1.4.PeriphDataAlignment=DMA_PDATAALIGN_WORD
RCC.DIVM3=8
Dma.USART3_TX.1.SignalID=NONE
RCC.DIVM2=1
Dma.DFSDM1_FLT3.6.RequestNumber=1
RCC.DIVM1=2
ARM.CMSIS.5.7.0_SwParameter=CMSISJjDSP\:Library;CMSISJjCORE\:true;
ProjectManager.FirmwarePackage=STM32Cube FW_H7 V1.9.0
MxDb.Version=DB.6.0.21
Dma.DAC1_CH1.0.RequestParameters=Instance,Direction,PeriphInc,MemInc,PeriphDataAlignment,MemDataAlignment,Mode,Priority,FIFOMode,SignalID,Polarity,RequestNumber,SyncSignalID,SyncPolarity,SyncEnable,EventEnable,SyncRequestNumber
Dma.ADC1.2.MemDataAlignment=DMA_MDATAALIGN_HALFWORD
Dma.DFSDM1_FLT2.5.PeriphDataAlignment=DMA_PDATAALIGN_WORD
ProjectManager.BackupPrevious=false
RCC.FMCFreq_Value=200000000
Dma.DFSDM1_FLT3.6.PeriphDataAlignment=DMA_PDATAALIGN_WORD
RCC.USART16Freq_Value=100000000
Dma.ADC1.2.Direction=DMA_PERIPH_TO_MEMORY
PA14\ (JTCK/SWCLK).Mode=Serial_Wire
RCC.PLLRCLKFreq_Value=192000000
DFSDM1.Fosr_FIL0=15
NVIC.PendSV_IRQn=true\:0\:0\:false\:false\:true\:true\:false
RCC.DIVR2Freq_Value=107911132.8125
DFSDM1.Fosr_FIL1=15
DFSDM1.Fosr_FIL2=8
DFSDM1.Fosr_FIL3=8
RCC.PLLI2SoutputFreq_Value=48000000
ProjectManager.HalAssertFull=false
VP_TIM1_VS_ClockSourceINT.Mode=Internal
RCC.DIVP2Freq_Value=26977783.203125
Dma.USART3_TX.1.FIFOMode=DMA_FIFOMODE_DISABLE
Dma.USART3_TX.1.Priority=DMA_PRIORITY_LOW
PA0.Signal=GPIO_Analog
RCC.TIM1Freq_Value=72000000
VP_DFSDM1_VS_IN2.Signal=DFSDM1_VS_IN2
RCC.PLLMCOFreq_Value=72000000
RCC.MCO2PinFreq_Value=400000000
ARM.CMSIS.5.7.0.CMSISJjCORE_Checked=true
Mcu.Package=LQFP144
DFSDM1.Trigger_reg_FIL1=DFSDM_FILTER_SW_TRIGGER
RCC.TIM15Freq_Value=72000000
PA5.Locked=true
RCC.I2S2Freq_Value=48000000
RCC.ADC34outputFreq_Value=72000000
Dma.DFSDM1_FLT2.5.PeriphInc=DMA_PINC_DISABLE
Dma.DFSDM1_FLT3.6.SyncEnable=DISABLE
VP_SYS_VS_Systick.Signal=SYS_VS_Systick
USART3.IPParameters=VirtualMode-Asynchronous,Mode,FIFOMode,TXFIFOThreshold,BaudRate
RCC.DFSDMFreq_Value=100000000
PA5.GPIOParameters=GPIO_Label
PB14.GPIOParameters=GPIO_Label
RCC.APB2CLKDivider=RCC_HCLK_DIV2
RCC.TraceFreq_Value=400000000
RCC.APB4Freq_Value=100000000
RCC.CECFreq_Value=32000
RCC.SAI23Freq_Value=200000000
RCC.APB1TimFreq_Value=108000000
NVIC.BusFault_IRQn=true\:0\:0\:false\:false\:true\:true\:false
RCC.LPUART1Freq_Value=100000000
Dma.DFSDM1_FLT1.4.MemDataAlignment=DMA_MDATAALIGN_WORD
RCC.PLLI2SQoutputFreq_Value=48000000
Dma.USART3_TX.1.PeriphInc=DMA_PINC_DISABLE
RCC.DFSDMAudioFreq_Value=48000000
NVIC.DMA1_Stream6_IRQn=true\:0\:0\:false\:false\:true\:false\:true
Dma.ADC1.2.EventEnable=DISABLE
Dma.ADC1.2.Polarity=HAL_DMAMUX_REQ_GEN_RISING
PH0-OSC_IN\ (PH0).Mode=HSE-External-Clock-Source
ProjectManager.CustomerFirmwarePackage=
RCC.PLLSAIQCLKFreq_Value=96000000
Dma.ADC1.2.Mode=DMA_CIRCULAR
RCC.VCO3OutputFreq_Value=128000000
PA6.GPIOParameters=GPIO_Label
Dma.USART3_TX.1.MemDataAlignment=DMA_MDATAALIGN_BYTE
RCC.PLLQoutputFreq_Value=48000000
ProjectManager.ProjectFileName=H7SDR.ioc
RCC.ADC12outputFreq_Value=72000000
RCC.DIVQ2=8
RCC.DIVQ1=4
DAC1.DAC_Channel-DAC_OUT1=DAC_CHANNEL_1
PD9.GPIO_Label=STLK_TX [STM32F103CBT6_PA2]
RCC.HPREFreq_Value=96000000
Mcu.PinsNb=25
ADC1.OffsetSignedSaturation-22\#ChannelRegularConversion=DISABLE
Dma.USART3_TX.1.SyncSignalID=NONE
ADC1.Channel-22\#ChannelRegularConversion=ADC_CHANNEL_2
ADC1.IPParameters=Rank-22\#ChannelRegularConversion,Channel-22\#ChannelRegularConversion,SamplingTime-22\#ChannelRegularConversion,OffsetNumber-22\#ChannelRegularConversion,OffsetSignedSaturation-22\#ChannelRegularConversion,NbrOfConversionFlag,ContinuousConvMode,ConversionDataManagement,master
PC13.Locked=true
PC13.Signal=GPXTI13
RCC.SWPMI1Freq_Value=100000000
RCC.DIVP2=8
Dma.DFSDM1_FLT0.3.Mode=DMA_CIRCULAR
Dma.DFSDM1_FLT0.3.Polarity=HAL_DMAMUX_REQ_GEN_RISING
Dma.DFSDM1_FLT2.5.MemDataAlignment=DMA_MDATAALIGN_WORD
RCC.UART8Freq_Value=54000000
PB14.Locked=true
RCC.APB1CLKDivider=RCC_HCLK_DIV4
Dma.DFSDM1_FLT3.6.SyncRequestNumber=1
RCC.QSPIFreq_Value=200000000
Dma.DFSDM1_FLT1.4.SyncRequestNumber=1
LPTIM1.TriggerSource=LPTIM_TRIGSOURCE_SOFTWARE
RCC.WatchDogFreq_Value=32000
Dma.DFSDM1_FLT2.5.SignalID=NONE
RCC.D1CPREFreq_Value=400000000
LPTIM1.IPParameters=UpdateMode,TriggerSource
PF11.Mode=IN2-Single-Ended
RCC.USART234578Freq_Value=100000000
Dma.ADC1.2.MemInc=DMA_MINC_ENABLE
RCC.Tim1OutputFreq_Value=200000000
RCC.SPI123Freq_Value=200000000
Dma.ADC1.2.SyncSignalID=NONE
RCC.USART6Freq_Value=108000000
SH.COMP_DAC11_group.0=DAC1_OUT1,DAC_OUT1
VP_ARM.CMSIS_VS_CMSISJjDSP_1.8.0_5.7.0.Signal=ARM.CMSIS_VS_CMSISJjDSP_1.8.0_5.7.0
RCC.DIVN3=128
VP_TIM1_VS_ClockSourceINT.Signal=TIM1_VS_ClockSourceINT
RCC.DIVN2=26
RCC.DIVN1=200
Dma.ADC1.2.RequestParameters=Instance,Direction,PeriphInc,MemInc,PeriphDataAlignment,MemDataAlignment,Mode,Priority,FIFOMode,SignalID,Polarity,RequestNumber,SyncSignalID,SyncPolarity,SyncEnable,EventEnable,SyncRequestNumber
RCC.VCOInputMFreq_Value=500000
PD8.Mode=Asynchronous
Dma.DFSDM1_FLT3.6.Direction=DMA_PERIPH_TO_MEMORY
Dma.DFSDM1_FLT1.4.Instance=DMA1_Stream4
Dma.DFSDM1_FLT2.5.Priority=DMA_PRIORITY_HIGH
Dma.DFSDM1_FLT2.5.SyncEnable=DISABLE
PB14.Signal=GPIO_Output
Dma.DFSDM1_FLT3.6.FIFOMode=DMA_FIFOMODE_DISABLE
PA5.Signal=GPIO_Output
Dma.DFSDM1_FLT3.6.Mode=DMA_CIRCULAR
VP_DFSDM1_VS_IN3.Signal=DFSDM1_VS_IN3
Dma.DAC1_CH1.0.MemDataAlignment=DMA_MDATAALIGN_HALFWORD
ProjectManager.LastFirmware=true
Dma.DFSDM1_FLT3.6.MemDataAlignment=DMA_MDATAALIGN_WORD
RCC.AHB12Freq_Value=200000000
RCC.PRESCALERUSB=RCC_USBCLKSOURCE_PLL_DIV1_5
RCC.I2C1Freq_Value=54000000
RCC.PLLI2SPCLKFreq_Value=48000000
Dma.DFSDM1_FLT3.6.Polarity=HAL_DMAMUX_REQ_GEN_RISING
RCC.RNGFreq_Value=48000000
Dma.ADC1.2.RequestNumber=1
RCC.EthernetFreq_Value=8000000
NVIC.NonMaskableInt_IRQn=true\:0\:0\:false\:false\:true\:true\:false
ADC1.SamplingTime-22\#ChannelRegularConversion=ADC_SAMPLETIME_1CYCLE_5
ProjectManager.FreePins=false
RCC.LPTIM2Freq_Value=100000000
RCC.PLLI2SQCLKFreq_Value=96000000
Dma.ADC1.2.SyncEnable=DISABLE
RCC.RTCHSEDivFreq_Value=4000000
Mcu.Pin24=VP_ARM.CMSIS_VS_CMSISJjDSP_1.8.0_5.7.0
Dma.ADC1.2.Instance=DMA1_Stream0
ProjectManager.UnderRoot=true
CORTEX_M7.IPParameters=CPU_ICache
Dma.DFSDM1_FLT2.5.Direction=DMA_PERIPH_TO_MEMORY
PA4.Signal=COMP_DAC11_group
Mcu.Pin22=VP_TIM1_VS_ClockSourceINT
USART3.Mode=MODE_TX_RX
Mcu.Pin23=VP_ARM.CMSIS_VS_CMSISJjCORE_5.4.0_5.7.0
Mcu.Pin20=VP_LPTIM1_VS_LPTIM_counterModeInternalClock
ADC1.master=1
Mcu.Pin21=VP_SYS_VS_Systick
PA5.GPIO_Label=FLAG1
Dma.DFSDM1_FLT2.5.RequestNumber=1
NVIC.ForceEnableDMAVector=true
Dma.DFSDM1_FLT2.5.MemInc=DMA_MINC_ENABLE
DFSDM1.DmaMode_reg_FIL3=ENABLE
NVIC.MemoryManagement_IRQn=true\:0\:0\:false\:false\:true\:true\:false
ProjectManager.CompilerOptimize=6
Dma.USART3_TX.1.SyncPolarity=HAL_DMAMUX_SYNC_NO_EVENT
ProjectManager.HeapSize=0x200
Mcu.Pin15=PB7
NVIC.HardFault_IRQn=true\:0\:0\:false\:false\:true\:true\:false
Mcu.Pin16=VP_DFSDM1_VS_IN0
Dma.ADC1.2.FIFOMode=DMA_FIFOMODE_DISABLE
Mcu.Pin13=PA13 (JTMS/SWDIO)
Mcu.Pin14=PA14 (JTCK/SWCLK)
Mcu.Pin19=VP_DFSDM1_VS_IN3
RCC.LPTIM345Freq_Value=100000000
ProjectManager.ComputerToolchain=false
Mcu.Pin17=VP_DFSDM1_VS_IN1
Mcu.Pin18=VP_DFSDM1_VS_IN2
RCC.TIM3Freq_Value=72000000
DFSDM1.DmaMode_reg_FIL1=ENABLE
RCC.LTDCFreq_Value=64000000
DFSDM1.DmaMode_reg_FIL2=ENABLE
NVIC.PriorityGroup=NVIC_PRIORITYGROUP_4
DFSDM1.DmaMode_reg_FIL0=ENABLE
Mcu.Pin11=PD9
Mcu.Pin12=PD13
DFSDM1.DataPacking_CH0=DFSDM_CHANNEL_DUAL_MODE
Mcu.Pin10=PD8
DFSDM1.DataPacking_CH2=DFSDM_CHANNEL_DUAL_MODE
ADC1.ConversionDataManagement=ADC_CONVERSIONDATA_DMA_CIRCULAR
RCC.PWRFreq_Value=96000000
Dma.USART3_TX.1.SyncRequestNumber=1
RCC.HCLK3ClockFreq_Value=200000000
ARM.CMSIS.5.7.0.CMSISJjDSP_Checked=true
RCC.I2C2Freq_Value=54000000
RCC.SDMMC2Freq_Value=216000000
PA7.GPIOParameters=GPIO_Label
Dma.DFSDM1_FLT0.3.PeriphDataAlignment=DMA_PDATAALIGN_WORD
Dma.DAC1_CH1.0.Direction=DMA_MEMORY_TO_PERIPH
Dma.DAC1_CH1.0.Polarity=HAL_DMAMUX_REQ_GEN_RISING
PA13\ (JTMS/SWDIO).Signal=DEBUG_JTMS-SWDIO
Dma.DFSDM1_FLT1.4.SyncSignalID=NONE
Dma.DFSDM1_FLT1.4.SyncEnable=DISABLE
Mcu.Family=STM32H7
NVIC.USART3_IRQn=true\:0\:0\:false\:false\:true\:true\:true
RCC.DIVQ2Freq_Value=26977783.203125
ProjectManager.MainLocation=Core/Src
RCC.MCOFreq_Value=72000000
RCC.SAI1Freq_Value=200000000
RCC.CortexFreq_Value=400000000
Dma.DAC1_CH1.0.Priority=DMA_PRIORITY_VERY_HIGH
ProjectManager.KeepUserCode=true
Dma.DAC1_CH1.0.FIFOMode=DMA_FIFOMODE_DISABLE
Mcu.UserName=STM32H743ZITx
PD9.GPIOParameters=GPIO_Label
ADC1.ContinuousConvMode=ENABLE
RCC.HPRE=RCC_HCLK_DIV2
PH0-OSC_IN\ (PH0).Signal=RCC_OSC_IN
PH0-OSC_IN\ (PH0).Locked=true
ADC1.OffsetNumber-22\#ChannelRegularConversion=ADC_OFFSET_NONE
Dma.ADC1.2.SyncPolarity=HAL_DMAMUX_SYNC_NO_EVENT
Dma.USART3_TX.1.MemInc=DMA_MINC_ENABLE
RCC.SYSCLKSourceVirtual=RCC_SYSCLKSOURCE_PLLCLK
ProjectManager.functionlistsort=1-MX_GPIO_Init-GPIO-false-HAL-true,2-MX_DMA_Init-DMA-false-HAL-true,3-SystemClock_Config-RCC-false-HAL-false,4-MX_USART3_UART_Init-USART3-false-HAL-true,5-MX_DAC1_Init-DAC1-false-HAL-true,6-MX_ADC1_Init-ADC1-false-HAL-true,7-MX_DFSDM1_Init-DFSDM1-false-HAL-true,8-MX_LPTIM1_Init-LPTIM1-false-HAL-true,9-MX_TIM1_Init-TIM1-false-HAL-true,0-MX_CORTEX_M7_Init-CORTEX_M7-false-HAL-true
RCC.PLL1_VCO_SEL-AdvancedSettings=RCC_PLL1VCOMEDIUM
RCC.PLLI2SRCLKFreq_Value=96000000
RCC.PLL2FRACN=8010
RCC.USART2Freq_Value=54000000
RCC.VCO2OutputFreq_Value=215822265.625
PC13.GPIO_Label=USER_Btn [B1]
NVIC.DMA1_Stream4_IRQn=true\:0\:0\:false\:false\:true\:false\:true
Dma.DFSDM1_FLT0.3.SyncRequestNumber=1
PD9.Mode=Asynchronous
ProjectManager.StackSize=0x400
VP_DFSDM1_VS_IN0.Mode=Parallel_Input_ch0
RCC.VCOInput3Freq_Value=1000000
Dma.DFSDM1_FLT0.3.SignalID=NONE
Dma.USART3_TX.1.EventEnable=DISABLE
RCC.I2C3Freq_Value=54000000
PD13.Signal=LPTIM1_OUT
Mcu.IP4=DFSDM1
Mcu.IP5=DMA
RCC.FCLKCortexFreq_Value=216000000
Mcu.IP2=DAC1
Mcu.IP3=DEBUG
Mcu.IP0=ADC1
Mcu.IP1=CORTEX_M7
Mcu.UserConstants=
RCC.DIVP3Freq_Value=64000000
RCC.SDMMCFreq_Value=200000000
Dma.DAC1_CH1.0.SyncPolarity=HAL_DMAMUX_SYNC_NO_EVENT
SH.GPXTI13.ConfNb=1
Mcu.ThirdPartyNb=1
RCC.SDIOFreq_Value=48000000
Dma.DFSDM1_FLT3.6.RequestParameters=Instance,Direction,PeriphInc,MemInc,PeriphDataAlignment,MemDataAlignment,Mode,Priority,FIFOMode,SignalID,Polarity,RequestNumber,SyncSignalID,SyncPolarity,SyncEnable,EventEnable,SyncRequestNumber
RCC.HCLKFreq_Value=200000000
Dma.DAC1_CH1.0.EventEnable=DISABLE
Mcu.IPNb=12
RCC.I2SClocksFreq_Value=48000000
RCC.PLLI2SRoutputFreq_Value=96000000
ProjectManager.PreviousToolchain=STM32CubeIDE
RCC.SPDIFRXFreq_Value=200000000
RCC.VcooutputI2S=48000000
RCC.PLLRoutputFreq_Value=192000000
PD8.GPIOParameters=GPIO_Label
Mcu.Pin6=PA6
Dma.DFSDM1_FLT0.3.Priority=DMA_PRIORITY_HIGH
Mcu.Pin7=PA7
Mcu.Pin8=PF11
Mcu.Pin9=PB14
RCC.VCOSAIOutputFreq_Value=192000000
ARM.CMSIS.5.7.0.CMSISJjCORE=true
VP_ARM.CMSIS_VS_CMSISJjCORE_5.4.0_5.7.0.Mode=CMSISJjCORE
Dma.ADC1.2.SignalID=NONE
RCC.AHBFreq_Value=216000000
RCC.TIM2Freq_Value=72000000
Mcu.Pin0=PC13
Mcu.Pin1=PH0-OSC_IN (PH0)
GPIO.groupedBy=Group By Peripherals
Mcu.Pin2=PA0
Dma.DFSDM1_FLT3.6.Instance=DMA1_Stream6
RCC.HRTIMFreq_Value=200000000
Mcu.Pin3=PA1
Mcu.Pin4=PA4
Mcu.Pin5=PA5
RCC.DIVR3Freq_Value=64000000
RCC.HSE_VALUE=8000000
NVIC.DebugMonitor_IRQn=true\:0\:0\:false\:false\:true\:true\:false
Dma.DFSDM1_FLT3.6.PeriphInc=DMA_PINC_DISABLE
Dma.DAC1_CH1.0.SignalID=NONE
Dma.USART3_TX.1.Mode=DMA_NORMAL
DFSDM1.FastMode_reg_FIL2=ENABLE
Mcu.IP10=TIM1
DFSDM1.FastMode_reg_FIL1=ENABLE
NVIC.SysTick_IRQn=true\:0\:0\:false\:false\:true\:true\:true
DFSDM1.FastMode_reg_FIL3=ENABLE
RCC.PLLMUL=RCC_PLL_MUL9
Mcu.IP11=USART3
DFSDM1.FastMode_reg_FIL0=ENABLE
Mcu.ThirdParty0=ARM.CMSIS.5.7.0
RCC.DIVP1Freq_Value=400000000
LPTIM1.UpdateMode=LPTIM_UPDATE_IMMEDIATE
RCC.VCOInputFreq_Value=1000000
PF11.Signal=ADC1_INP2
Dma.DAC1_CH1.0.Mode=DMA_CIRCULAR
File.Version=6
USART3.FIFOMode=FIFOMODE_DISABLE
PB7.Signal=GPIO_Output
DFSDM1.RightBitShift_CH2=7
DFSDM1.RightBitShift_CH3=7
DFSDM1.RightBitShift_CH0=8
DFSDM1.RightBitShift_CH1=8
ARM.CMSIS.5.7.0.IPParameters=CMSISJjCORE,CMSISJjDSP
Dma.RequestsNb=7
VP_DFSDM1_VS_IN0.Signal=DFSDM1_VS_IN0
Dma.DFSDM1_FLT1.4.Polarity=HAL_DMAMUX_REQ_GEN_RISING
ProjectManager.ProjectName=H7SDR
RCC.APB3Freq_Value=100000000
PB7.GPIO_Label=LD2 [Blue]
PA6.Signal=GPIO_Output
PA7.Locked=true
RCC.D1PPRE=RCC_APB3_DIV2
ProjectManager.ToolChainLocation=
RCC.LSI_VALUE=32000
VP_LPTIM1_VS_LPTIM_counterModeInternalClock.Mode=Counts__internal_clock_event_00
RCC.DIVR1Freq_Value=400000000
Dma.DAC1_CH1.0.Instance=DMA1_Stream1
RCC.TIM16Freq_Value=72000000
Dma.DFSDM1_FLT2.5.RequestParameters=Instance,Direction,PeriphInc,MemInc,PeriphDataAlignment,MemDataAlignment,Mode,Priority,FIFOMode,SignalID,Polarity,RequestNumber,SyncSignalID,SyncPolarity,SyncEnable,EventEnable,SyncRequestNumber
Dma.DFSDM1_FLT0.3.FIFOMode=DMA_FIFOMODE_DISABLE
Dma.DFSDM1_FLT3.6.SignalID=NONE
Dma.DFSDM1_FLT1.4.Direction=DMA_PERIPH_TO_MEMORY
Dma.Request2=ADC1
Dma.Request1=USART3_TX
Dma.Request4=DFSDM1_FLT1
Dma.Request3=DFSDM1_FLT0
Dma.Request6=DFSDM1_FLT3
Dma.Request5=DFSDM1_FLT2
NVIC.DMA1_Stream0_IRQn=true\:0\:0\:false\:false\:true\:false\:true
Dma.DFSDM1_FLT0.3.SyncSignalID=NONE
Dma.Request0=DAC1_CH1
SH.COMP_DAC11_group.ConfNb=1
Dma.DFSDM1_FLT3.6.Priority=DMA_PRIORITY_HIGH
DFSDM1.SincOrder_FIL2=DFSDM_FILTER_SINC5_ORDER
DFSDM1.SincOrder_FIL3=DFSDM_FILTER_SINC5_ORDER
DFSDM1.SincOrder_FIL0=DFSDM_FILTER_SINC4_ORDER
DFSDM1.SincOrder_FIL1=DFSDM_FILTER_SINC4_ORDER
Dma.DFSDM1_FLT0.3.Instance=DMA1_Stream3
RCC.Tim2OutputFreq_Value=200000000
Dma.DAC1_CH1.0.PeriphInc=DMA_PINC_DISABLE
RCC.DFSDMACLkFreq_Value=200000000
RCC.PLLSourceVirtual=RCC_PLLSOURCE_HSE
Dma.DFSDM1_FLT1.4.RequestNumber=1
RCC.I2SFreq_Value=96000000
VP_DFSDM1_VS_IN3.Mode=Parallel_Input_ch3
Dma.DFSDM1_FLT3.6.SyncSignalID=NONE
Dma.DFSDM1_FLT3.6.EventEnable=DISABLE
CORTEX_M7.CPU_ICache=Enabled
ADC1.Rank-22\#ChannelRegularConversion=1
RCC.UART7Freq_Value=54000000
PA13\ (JTMS/SWDIO).Mode=Serial_Wire
Dma.DFSDM1_FLT2.5.SyncSignalID=NONE
ProjectManager.NoMain=false
Dma.ADC1.2.PeriphDataAlignment=DMA_PDATAALIGN_HALFWORD
RCC.FMPI2C1Freq_Value=48000000
RCC.SAI4BFreq_Value=200000000
RCC.VCOI2SInputFreq_Value=500000
Dma.DFSDM1_FLT1.4.Mode=DMA_CIRCULAR
RCC.D2PPRE2=RCC_APB2_DIV2
RCC.D2PPRE1=RCC_APB1_DIV2
ProjectManager.DefaultFWLocation=true
PD9.Signal=USART3_RX
NVIC.DMA1_Stream1_IRQn=true\:0\:0\:false\:false\:true\:false\:true
ProjectManager.DeletePrevious=true
boardIOC=true
RCC.FamilyName=M
Dma.DFSDM1_FLT2.5.Mode=DMA_CIRCULAR
PD8.GPIO_Label=STLK_RX [STM32F103CBT6_PA3]
RCC.SPI6Freq_Value=100000000
RCC.SPI45Freq_Value=100000000
ProjectManager.TargetToolchain=STM32CubeIDE
ARM.CMSIS.5.7.0.CMSISJjDSP=Library
NVIC.DMA1_Stream5_IRQn=true\:0\:0\:false\:false\:true\:false\:true
RCC.VCO1OutputFreq_Value=800000000
Dma.USART3_TX.1.RequestParameters=Instance,Direction,PeriphInc,MemInc,PeriphDataAlignment,MemDataAlignment,Mode,Priority,FIFOMode,SignalID,Polarity,RequestNumber,SyncSignalID,SyncPolarity,SyncEnable,EventEnable,SyncRequestNumber
PB7.GPIOParameters=GPIO_Label
RCC.AXIClockFreq_Value=200000000
PD13.Mode=WaveformGeneration
RCC.LPTIM1CLockSelection=RCC_LPTIM1CLKSOURCE_PLL2
RCC.I2S1Freq_Value=48000000
ProjectManager.RegisterCallBack=
RCC.USBFreq_Value=200000000
RCC.PLLSAIoutputFreq_Value=96000000
PA1.Signal=GPIO_Analog
RCC.CKPERFreq_Value=64000000
RCC.VCOI2SOutputFreq_Value=192000000
Dma.DFSDM1_FLT0.3.RequestNumber=1
Dma.DFSDM1_FLT0.3.PeriphInc=DMA_PINC_DISABLE
RCC.PLLSAIPCLKFreq_Value=96000000
board=NUCLEO-H743ZI
RCC.VCOOutputFreq_Value=432000000
RCC.VCOInput1Freq_Value=4000000
RCC.VCOOutput2Freq_Value=8000000
RCC.APB2Freq_Value=100000000
RCC.TIM8Freq_Value=72000000
RCC.UART4Freq_Value=54000000
MxCube.Version=6.2.1
Dma.DFSDM1_FLT3.6.MemInc=DMA_MINC_ENABLE
PC13.GPIOParameters=GPIO_Label
RCC.FDCANFreq_Value=200000000
RCC.ADCFreq_Value=26977783.203125
VP_SYS_VS_Systick.Mode=SysTick
Dma.DAC1_CH1.0.PeriphDataAlignment=DMA_PDATAALIGN_HALFWORD
Dma.DFSDM1_FLT1.4.PeriphInc=DMA_PINC_DISABLE
DAC1.DAC_Trigger-DAC_OUT1=DAC_TRIGGER_LPTIM1_OUT
Dma.DFSDM1_FLT0.3.MemDataAlignment=DMA_MDATAALIGN_WORD
Dma.DFSDM1_FLT2.5.EventEnable=DISABLE
Dma.DAC1_CH1.0.MemInc=DMA_MINC_ENABLE
RCC.UART5Freq_Value=54000000
RCC.IPParameters=48MHZClocksFreq_Value,ADC12outputFreq_Value,ADC34outputFreq_Value,ADCFreq_Value,AHB12Freq_Value,AHB4Freq_Value,AHBFreq_Value,APB1CLKDivider,APB1Freq_Value,APB1TimFreq_Value,APB2CLKDivider,APB2Freq_Value,APB2TimFreq_Value,APB3Freq_Value,APB4Freq_Value,AXIClockFreq_Value,CECFreq_Value,CKPERFreq_Value,CortexFreq_Value,CpuClockFreq_Value,D1CPREFreq_Value,D1PPRE,D2PPRE1,D2PPRE2,D3PPRE,DFSDMACLkFreq_Value,DFSDMAudioFreq_Value,DFSDMFreq_Value,DIVM1,DIVM2,DIVM3,DIVN1,DIVN2,DIVN3,DIVP1Freq_Value,DIVP2,DIVP2Freq_Value,DIVP3Freq_Value,DIVQ1,DIVQ1Freq_Value,DIVQ2,DIVQ2Freq_Value,DIVQ3Freq_Value,DIVR1Freq_Value,DIVR2Freq_Value,DIVR3Freq_Value,EthernetFreq_Value,FCLKCortexFreq_Value,FDCANFreq_Value,FMCFreq_Value,FMPI2C1Freq_Value,FamilyName,HCLK3ClockFreq_Value,HCLKFreq_Value,HPRE,HPREFreq_Value,HRTIMFreq_Value,HSE_VALUE,HSI_VALUE,I2C123Freq_Value,I2C1Freq_Value,I2C2Freq_Value,I2C3Freq_Value,I2C4Freq_Value,I2S1Freq_Value,I2S2Freq_Value,I2SClocksFreq_Value,I2SFreq_Value,LPTIM1CLockSelection,LPTIM1Freq_Value,LPTIM2Freq_Value,LPTIM345Freq_Value,LPUART1Freq_Value,LSI_VALUE,LTDCFreq_Value,MCO1PinFreq_Value,MCO2PinFreq_Value,MCOFreq_Value,PLL1_VCO_SEL-AdvancedSettings,PLL2FRACN,PLLCLKFreq_Value,PLLFRACN,PLLI2SPCLKFreq_Value,PLLI2SQCLKFreq_Value,PLLI2SQoutputFreq_Value,PLLI2SRCLKFreq_Value,PLLI2SRoutputFreq_Value,PLLI2SoutputFreq_Value,PLLM,PLLMCOFreq_Value,PLLMUL,PLLN,PLLQ,PLLQCLKFreq_Value,PLLQoutputFreq_Value,PLLRCLKFreq_Value,PLLRoutputFreq_Value,PLLSAIPCLKFreq_Value,PLLSAIQCLKFreq_Value,PLLSAIoutputFreq_Value,PLLSourceVirtual,PRESCALERUSB,PWRFreq_Value,QSPIFreq_Value,RNGFreq_Value,RTCFreq_Value,RTCHSEDivFreq_Value,SAI1Freq_Value,SAI23Freq_Value,SAI2Freq_Value,SAI4AFreq_Value,SAI4BFreq_Value,SDIOFreq_Value,SDMMC2Freq_Value,SDMMCFreq_Value,SPDIFRXFreq_Value,SPI123Freq_Value,SPI45Freq_Value,SPI6Freq_Value,SWPMI1Freq_Value,SYSCLKFreq_VALUE,SYSCLKSource,SYSCLKSourceVirtual,TIM15Freq_Value,TIM16Freq_Value,TIM17Freq_Value,TIM1Freq_Value,TIM20Freq_Value,TIM2Freq_Value,TIM3Freq_Value,TIM8Freq_Value,Tim1OutputFreq_Value,Tim2OutputFreq_Value,TraceFreq_Value,UART4Freq_Value,UART5Freq_Value,UART7Freq_Value,UART8Freq_Value,USART16Freq_Value,USART1Freq_Value,USART234578Freq_Value,USART2Freq_Value,USART3Freq_Value,USART6Freq_Value,USBFreq_Value,VCO1OutputFreq_Value,VCO2OutputFreq_Value,VCO3OutputFreq_Value,VCOI2SInputFreq_Value,VCOI2SOutputFreq_Value,VCOInput1Freq_Value,VCOInput2Freq_Value,VCOInput3Freq_Value,VCOInputFreq_Value,VCOInputMFreq_Value,VCOOutput2Freq_Value,VCOOutputFreq_Value,VCOSAIOutputFreq_Value,VcooutputI2S,WatchDogFreq_Value
ProjectManager.AskForMigrate=true
Mcu.Name=STM32H743ZITx
Dma.DAC1_CH1.0.SyncEnable=DISABLE
Dma.USART3_TX.1.SyncEnable=DISABLE
Mcu.IP8=RCC
Mcu.IP9=SYS
Mcu.IP6=LPTIM1
Mcu.IP7=NVIC
ProjectManager.CoupleFile=false
RCC.48MHZClocksFreq_Value=24000000
RCC.SYSCLKFreq_VALUE=400000000
Dma.ADC1.2.Priority=DMA_PRIORITY_LOW
RCC.I2C123Freq_Value=100000000
PA7.GPIO_Label=TRIG1
PA1.Locked=true
Dma.ADC1.2.PeriphInc=DMA_PINC_DISABLE
KeepUserPlacement=false
Dma.DFSDM1_FLT0.3.RequestParameters=Instance,Direction,PeriphInc,MemInc,PeriphDataAlignment,MemDataAlignment,Mode,Priority,FIFOMode,SignalID,Polarity,RequestNumber,SyncSignalID,SyncPolarity,SyncEnable,EventEnable,SyncRequestNumber
Dma.ADC1.2.SyncRequestNumber=1
Dma.DFSDM1_FLT1.4.SignalID=NONE
Dma.DFSDM1_FLT2.5.FIFOMode=DMA_FIFOMODE_DISABLE
Dma.USART3_TX.1.Polarity=HAL_DMAMUX_REQ_GEN_RISING
RCC.TIM20Freq_Value=72000000
RCC.HSI_VALUE=64000000
DFSDM1.IPParameters=DataPacking_CH0,Filter_regChannel_FIL0,Filter_regChannel_FIL1,SincOrder_FIL0,SincOrder_FIL1,Fosr_FIL0,Fosr_FIL1,Iosr_FIL1,RightBitShift_CH0,RightBitShift_CH1,DmaMode_reg_FIL0,DmaMode_reg_FIL1,Trigger_reg_FIL1,FastMode_reg_FIL0,FastMode_reg_FIL1,Filter_regChannel_FIL2,Filter_regChannel_FIL3,FastMode_reg_FIL2,DmaMode_reg_FIL2,FastMode_reg_FIL3,DmaMode_reg_FIL3,SincOrder_FIL2,Fosr_FIL2,SincOrder_FIL3,Fosr_FIL3,RightBitShift_CH2,RightBitShift_CH3,DataPacking_CH2
RCC.PLLQ=9
RCC.SAI4AFreq_Value=200000000
ADC1.NbrOfConversionFlag=1
PH0-OSC_IN\ (PH0).GPIO_Label=MCO
Dma.USART3_TX.1.Direction=DMA_MEMORY_TO_PERIPH
RCC.PLLM=25
RCC.PLLN=432
VP_DFSDM1_VS_IN1.Mode=Parallel_Input_ch1
DFSDM1.Filter_regChannel_FIL3=DFSDM_CHANNEL_3
PB7.Locked=true
RCC.DIVQ1Freq_Value=200000000
DFSDM1.Filter_regChannel_FIL1=DFSDM_CHANNEL_1
VP_LPTIM1_VS_LPTIM_counterModeInternalClock.Signal=LPTIM1_VS_LPTIM_counterModeInternalClock
DFSDM1.Filter_regChannel_FIL2=DFSDM_CHANNEL_2
Dma.DAC1_CH1.0.SyncRequestNumber=1
NVIC.DMA1_Stream3_IRQn=true\:0\:0\:false\:false\:true\:false\:true
RCC.D3PPRE=RCC_APB4_DIV2
Dma.DFSDM1_FLT1.4.MemInc=DMA_MINC_ENABLE
Dma.DAC1_CH1.0.SyncSignalID=NONE
DFSDM1.Filter_regChannel_FIL0=DFSDM_CHANNEL_0
RCC.VCOInput2Freq_Value=8000000
PD9.Locked=true
RCC.APB1Freq_Value=100000000
VP_DFSDM1_VS_IN1.Signal=DFSDM1_VS_IN1
Dma.DFSDM1_FLT2.5.Instance=DMA1_Stream5
ProjectManager.DeviceId=STM32H743ZITx
ProjectManager.LibraryCopy=1
Dma.DFSDM1_FLT1.4.Priority=DMA_PRIORITY_HIGH
Dma.DAC1_CH1.0.RequestNumber=1
PA7.Signal=GPIO_Output
PH0-OSC_IN\ (PH0).GPIOParameters=GPIO_Label
PA6.Locked=true
isbadioc=false
